// !$*UTF8*$!
{
	archiveVersion = 1;
	classes = {
	};
	objectVersion = 50;
	objects = {

/* Begin PBXBuildFile section */
		9BDAA4D2223433FE00362ED8 /* AppDelegate.swift in Sources */ = {isa = PBXBuildFile; fileRef = 9BDAA4D1223433FE00362ED8 /* AppDelegate.swift */; };
		9BDAA4D4223433FE00362ED8 /* ViewController.swift in Sources */ = {isa = PBXBuildFile; fileRef = 9BDAA4D3223433FE00362ED8 /* ViewController.swift */; };
		9BDAA4D7223433FE00362ED8 /* Main.storyboard in Resources */ = {isa = PBXBuildFile; fileRef = 9BDAA4D5223433FE00362ED8 /* Main.storyboard */; };
		9BDAA4D9223433FF00362ED8 /* Assets.xcassets in Resources */ = {isa = PBXBuildFile; fileRef = 9BDAA4D8223433FF00362ED8 /* Assets.xcassets */; };
		9BDAA4DC223433FF00362ED8 /* LaunchScreen.storyboard in Resources */ = {isa = PBXBuildFile; fileRef = 9BDAA4DA223433FF00362ED8 /* LaunchScreen.storyboard */; };
		9BDAA4E7223433FF00362ED8 /* day_6Tests.swift in Sources */ = {isa = PBXBuildFile; fileRef = 9BDAA4E6223433FF00362ED8 /* day_6Tests.swift */; };
		9BDAA4F2223433FF00362ED8 /* day_6UITests.swift in Sources */ = {isa = PBXBuildFile; fileRef = 9BDAA4F1223433FF00362ED8 /* day_6UITests.swift */; };
/* End PBXBuildFile section */

/* Begin PBXContainerItemProxy section */
		9BDAA4E3223433FF00362ED8 /* PBXContainerItemProxy */ = {
			isa = PBXContainerItemProxy;
			containerPortal = 9BDAA4C6223433FE00362ED8 /* Project object */;
			proxyType = 1;
			remoteGlobalIDString = 9BDAA4CD223433FE00362ED8;
			remoteInfo = "day-6";
		};
		9BDAA4EE223433FF00362ED8 /* PBXContainerItemProxy */ = {
			isa = PBXContainerItemProxy;
			containerPortal = 9BDAA4C6223433FE00362ED8 /* Project object */;
			proxyType = 1;
			remoteGlobalIDString = 9BDAA4CD223433FE00362ED8;
			remoteInfo = "day-6";
		};
/* End PBXContainerItemProxy section */

/* Begin PBXFileReference section */
		9BDAA4CE223433FE00362ED8 /* day-6.app */ = {isa = PBXFileReference; explicitFileType = wrapper.application; includeInIndex = 0; path = "day-6.app"; sourceTree = BUILT_PRODUCTS_DIR; };
		9BDAA4D1223433FE00362ED8 /* AppDelegate.swift */ = {isa = PBXFileReference; lastKnownFileType = sourcecode.swift; path = AppDelegate.swift; sourceTree = "<group>"; };
		9BDAA4D3223433FE00362ED8 /* ViewController.swift */ = {isa = PBXFileReference; lastKnownFileType = sourcecode.swift; path = ViewController.swift; sourceTree = "<group>"; };
		9BDAA4D6223433FE00362ED8 /* Base */ = {isa = PBXFileReference; lastKnownFileType = file.storyboard; name = Base; path = Base.lproj/Main.storyboard; sourceTree = "<group>"; };
		9BDAA4D8223433FF00362ED8 /* Assets.xcassets */ = {isa = PBXFileReference; lastKnownFileType = folder.assetcatalog; path = Assets.xcassets; sourceTree = "<group>"; };
		9BDAA4DB223433FF00362ED8 /* Base */ = {isa = PBXFileReference; lastKnownFileType = file.storyboard; name = Base; path = Base.lproj/LaunchScreen.storyboard; sourceTree = "<group>"; };
		9BDAA4DD223433FF00362ED8 /* Info.plist */ = {isa = PBXFileReference; lastKnownFileType = text.plist.xml; path = Info.plist; sourceTree = "<group>"; };
		9BDAA4E2223433FF00362ED8 /* day-6Tests.xctest */ = {isa = PBXFileReference; explicitFileType = wrapper.cfbundle; includeInIndex = 0; path = "day-6Tests.xctest"; sourceTree = BUILT_PRODUCTS_DIR; };
		9BDAA4E6223433FF00362ED8 /* day_6Tests.swift */ = {isa = PBXFileReference; lastKnownFileType = sourcecode.swift; path = day_6Tests.swift; sourceTree = "<group>"; };
		9BDAA4E8223433FF00362ED8 /* Info.plist */ = {isa = PBXFileReference; lastKnownFileType = text.plist.xml; path = Info.plist; sourceTree = "<group>"; };
		9BDAA4ED223433FF00362ED8 /* day-6UITests.xctest */ = {isa = PBXFileReference; explicitFileType = wrapper.cfbundle; includeInIndex = 0; path = "day-6UITests.xctest"; sourceTree = BUILT_PRODUCTS_DIR; };
		9BDAA4F1223433FF00362ED8 /* day_6UITests.swift */ = {isa = PBXFileReference; lastKnownFileType = sourcecode.swift; path = day_6UITests.swift; sourceTree = "<group>"; };
		9BDAA4F3223433FF00362ED8 /* Info.plist */ = {isa = PBXFileReference; lastKnownFileType = text.plist.xml; path = Info.plist; sourceTree = "<group>"; };
/* End PBXFileReference section */

/* Begin PBXFrameworksBuildPhase section */
		9BDAA4CB223433FE00362ED8 /* Frameworks */ = {
			isa = PBXFrameworksBuildPhase;
			buildActionMask = 2147483647;
			files = (
			);
			runOnlyForDeploymentPostprocessing = 0;
		};
		9BDAA4DF223433FF00362ED8 /* Frameworks */ = {
			isa = PBXFrameworksBuildPhase;
			buildActionMask = 2147483647;
			files = (
			);
			runOnlyForDeploymentPostprocessing = 0;
		};
		9BDAA4EA223433FF00362ED8 /* Frameworks */ = {
			isa = PBXFrameworksBuildPhase;
			buildActionMask = 2147483647;
			files = (
			);
			runOnlyForDeploymentPostprocessing = 0;
		};
/* End PBXFrameworksBuildPhase section */

/* Begin PBXGroup section */
		9BDAA4C5223433FE00362ED8 = {
			isa = PBXGroup;
			children = (
				9BDAA4D0223433FE00362ED8 /* day-6 */,
				9BDAA4E5223433FF00362ED8 /* day-6Tests */,
				9BDAA4F0223433FF00362ED8 /* day-6UITests */,
				9BDAA4CF223433FE00362ED8 /* Products */,
			);
			sourceTree = "<group>";
		};
		9BDAA4CF223433FE00362ED8 /* Products */ = {
			isa = PBXGroup;
			children = (
				9BDAA4CE223433FE00362ED8 /* day-6.app */,
				9BDAA4E2223433FF00362ED8 /* day-6Tests.xctest */,
				9BDAA4ED223433FF00362ED8 /* day-6UITests.xctest */,
			);
			name = Products;
			sourceTree = "<group>";
		};
		9BDAA4D0223433FE00362ED8 /* day-6 */ = {
			isa = PBXGroup;
			children = (
				9BDAA4D1223433FE00362ED8 /* AppDelegate.swift */,
				9BDAA4D3223433FE00362ED8 /* ViewController.swift */,
				9BDAA4D5223433FE00362ED8 /* Main.storyboard */,
				9BDAA4D8223433FF00362ED8 /* Assets.xcassets */,
				9BDAA4DA223433FF00362ED8 /* LaunchScreen.storyboard */,
				9BDAA4DD223433FF00362ED8 /* Info.plist */,
			);
			path = "day-6";
			sourceTree = "<group>";
		};
		9BDAA4E5223433FF00362ED8 /* day-6Tests */ = {
			isa = PBXGroup;
			children = (
				9BDAA4E6223433FF00362ED8 /* day_6Tests.swift */,
				9BDAA4E8223433FF00362ED8 /* Info.plist */,
			);
			path = "day-6Tests";
			sourceTree = "<group>";
		};
		9BDAA4F0223433FF00362ED8 /* day-6UITests */ = {
			isa = PBXGroup;
			children = (
				9BDAA4F1223433FF00362ED8 /* day_6UITests.swift */,
				9BDAA4F3223433FF00362ED8 /* Info.plist */,
			);
			path = "day-6UITests";
			sourceTree = "<group>";
		};
/* End PBXGroup section */

/* Begin PBXNativeTarget section */
		9BDAA4CD223433FE00362ED8 /* day-6 */ = {
			isa = PBXNativeTarget;
			buildConfigurationList = 9BDAA4F6223433FF00362ED8 /* Build configuration list for PBXNativeTarget "day-6" */;
			buildPhases = (
				9BDAA4CA223433FE00362ED8 /* Sources */,
				9BDAA4CB223433FE00362ED8 /* Frameworks */,
				9BDAA4CC223433FE00362ED8 /* Resources */,
			);
			buildRules = (
			);
			dependencies = (
			);
			name = "day-6";
			productName = "day-6";
			productReference = 9BDAA4CE223433FE00362ED8 /* day-6.app */;
			productType = "com.apple.product-type.application";
		};
		9BDAA4E1223433FF00362ED8 /* day-6Tests */ = {
			isa = PBXNativeTarget;
			buildConfigurationList = 9BDAA4F9223433FF00362ED8 /* Build configuration list for PBXNativeTarget "day-6Tests" */;
			buildPhases = (
				9BDAA4DE223433FF00362ED8 /* Sources */,
				9BDAA4DF223433FF00362ED8 /* Frameworks */,
				9BDAA4E0223433FF00362ED8 /* Resources */,
			);
			buildRules = (
			);
			dependencies = (
				9BDAA4E4223433FF00362ED8 /* PBXTargetDependency */,
			);
			name = "day-6Tests";
			productName = "day-6Tests";
			productReference = 9BDAA4E2223433FF00362ED8 /* day-6Tests.xctest */;
			productType = "com.apple.product-type.bundle.unit-test";
		};
		9BDAA4EC223433FF00362ED8 /* day-6UITests */ = {
			isa = PBXNativeTarget;
			buildConfigurationList = 9BDAA4FC223433FF00362ED8 /* Build configuration list for PBXNativeTarget "day-6UITests" */;
			buildPhases = (
				9BDAA4E9223433FF00362ED8 /* Sources */,
				9BDAA4EA223433FF00362ED8 /* Frameworks */,
				9BDAA4EB223433FF00362ED8 /* Resources */,
			);
			buildRules = (
			);
			dependencies = (
				9BDAA4EF223433FF00362ED8 /* PBXTargetDependency */,
			);
			name = "day-6UITests";
			productName = "day-6UITests";
			productReference = 9BDAA4ED223433FF00362ED8 /* day-6UITests.xctest */;
			productType = "com.apple.product-type.bundle.ui-testing";
		};
/* End PBXNativeTarget section */

/* Begin PBXProject section */
		9BDAA4C6223433FE00362ED8 /* Project object */ = {
			isa = PBXProject;
			attributes = {
				LastSwiftUpdateCheck = 1010;
				LastUpgradeCheck = 1010;
				ORGANIZATIONNAME = MacStudent;
				TargetAttributes = {
					9BDAA4CD223433FE00362ED8 = {
						CreatedOnToolsVersion = 10.1;
					};
					9BDAA4E1223433FF00362ED8 = {
						CreatedOnToolsVersion = 10.1;
						TestTargetID = 9BDAA4CD223433FE00362ED8;
					};
					9BDAA4EC223433FF00362ED8 = {
						CreatedOnToolsVersion = 10.1;
						TestTargetID = 9BDAA4CD223433FE00362ED8;
					};
				};
			};
			buildConfigurationList = 9BDAA4C9223433FE00362ED8 /* Build configuration list for PBXProject "day-6" */;
			compatibilityVersion = "Xcode 9.3";
			developmentRegion = en;
			hasScannedForEncodings = 0;
			knownRegions = (
				en,
				Base,
			);
			mainGroup = 9BDAA4C5223433FE00362ED8;
			productRefGroup = 9BDAA4CF223433FE00362ED8 /* Products */;
			projectDirPath = "";
			projectRoot = "";
			targets = (
				9BDAA4CD223433FE00362ED8 /* day-6 */,
				9BDAA4E1223433FF00362ED8 /* day-6Tests */,
				9BDAA4EC223433FF00362ED8 /* day-6UITests */,
			);
		};
/* End PBXProject section */

/* Begin PBXResourcesBuildPhase section */
		9BDAA4CC223433FE00362ED8 /* Resources */ = {
			isa = PBXResourcesBuildPhase;
			buildActionMask = 2147483647;
			files = (
				9BDAA4DC223433FF00362ED8 /* LaunchScreen.storyboard in Resources */,
				9BDAA4D9223433FF00362ED8 /* Assets.xcassets in Resources */,
				9BDAA4D7223433FE00362ED8 /* Main.storyboard in Resources */,
			);
			runOnlyForDeploymentPostprocessing = 0;
		};
		9BDAA4E0223433FF00362ED8 /* Resources */ = {
			isa = PBXResourcesBuildPhase;
			buildActionMask = 2147483647;
			files = (
			);
			runOnlyForDeploymentPostprocessing = 0;
		};
		9BDAA4EB223433FF00362ED8 /* Resources */ = {
			isa = PBXResourcesBuildPhase;
			buildActionMask = 2147483647;
			files = (
			);
			runOnlyForDeploymentPostprocessing = 0;
		};
/* End PBXResourcesBuildPhase section */

/* Begin PBXSourcesBuildPhase section */
		9BDAA4CA223433FE00362ED8 /* Sources */ = {
			isa = PBXSourcesBuildPhase;
			buildActionMask = 2147483647;
			files = (
				9BDAA4D4223433FE00362ED8 /* ViewController.swift in Sources */,
				9BDAA4D2223433FE00362ED8 /* AppDelegate.swift in Sources */,
			);
			runOnlyForDeploymentPostprocessing = 0;
		};
		9BDAA4DE223433FF00362ED8 /* Sources */ = {
			isa = PBXSourcesBuildPhase;
			buildActionMask = 2147483647;
			files = (
				9BDAA4E7223433FF00362ED8 /* day_6Tests.swift in Sources */,
			);
			runOnlyForDeploymentPostprocessing = 0;
		};
		9BDAA4E9223433FF00362ED8 /* Sources */ = {
			isa = PBXSourcesBuildPhase;
			buildActionMask = 2147483647;
			files = (
				9BDAA4F2223433FF00362ED8 /* day_6UITests.swift in Sources */,
			);
			runOnlyForDeploymentPostprocessing = 0;
		};
/* End PBXSourcesBuildPhase section */

/* Begin PBXTargetDependency section */
		9BDAA4E4223433FF00362ED8 /* PBXTargetDependency */ = {
			isa = PBXTargetDependency;
			target = 9BDAA4CD223433FE00362ED8 /* day-6 */;
			targetProxy = 9BDAA4E3223433FF00362ED8 /* PBXContainerItemProxy */;
		};
		9BDAA4EF223433FF00362ED8 /* PBXTargetDependency */ = {
			isa = PBXTargetDependency;
			target = 9BDAA4CD223433FE00362ED8 /* day-6 */;
			targetProxy = 9BDAA4EE223433FF00362ED8 /* PBXContainerItemProxy */;
		};
/* End PBXTargetDependency section */

/* Begin PBXVariantGroup section */
		9BDAA4D5223433FE00362ED8 /* Main.storyboard */ = {
			isa = PBXVariantGroup;
			children = (
				9BDAA4D6223433FE00362ED8 /* Base */,
			);
			name = Main.storyboard;
			sourceTree = "<group>";
		};
		9BDAA4DA223433FF00362ED8 /* LaunchScreen.storyboard */ = {
			isa = PBXVariantGroup;
			children = (
				9BDAA4DB223433FF00362ED8 /* Base */,
			);
			name = LaunchScreen.storyboard;
			sourceTree = "<group>";
		};
/* End PBXVariantGroup section */

/* Begin XCBuildConfiguration section */
		9BDAA4F4223433FF00362ED8 /* Debug */ = {
			isa = XCBuildConfiguration;
			buildSettings = {
				ALWAYS_SEARCH_USER_PATHS = NO;
				CLANG_ANALYZER_NONNULL = YES;
				CLANG_ANALYZER_NUMBER_OBJECT_CONVERSION = YES_AGGRESSIVE;
				CLANG_CXX_LANGUAGE_STANDARD = "gnu++14";
				CLANG_CXX_LIBRARY = "libc++";
				CLANG_ENABLE_MODULES = YES;
				CLANG_ENABLE_OBJC_ARC = YES;
				CLANG_ENABLE_OBJC_WEAK = YES;
				CLANG_WARN_BLOCK_CAPTURE_AUTORELEASING = YES;
				CLANG_WARN_BOOL_CONVERSION = YES;
				CLANG_WARN_COMMA = YES;
				CLANG_WARN_CONSTANT_CONVERSION = YES;
				CLANG_WARN_DEPRECATED_OBJC_IMPLEMENTATIONS = YES;
				CLANG_WARN_DIRECT_OBJC_ISA_USAGE = YES_ERROR;
				CLANG_WARN_DOCUMENTATION_COMMENTS = YES;
				CLANG_WARN_EMPTY_BODY = YES;
				CLANG_WARN_ENUM_CONVERSION = YES;
				CLANG_WARN_INFINITE_RECURSION = YES;
				CLANG_WARN_INT_CONVERSION = YES;
				CLANG_WARN_NON_LITERAL_NULL_CONVERSION = YES;
				CLANG_WARN_OBJC_IMPLICIT_RETAIN_SELF = YES;
				CLANG_WARN_OBJC_LITERAL_CONVERSION = YES;
				CLANG_WARN_OBJC_ROOT_CLASS = YES_ERROR;
				CLANG_WARN_RANGE_LOOP_ANALYSIS = YES;
				CLANG_WARN_STRICT_PROTOTYPES = YES;
				CLANG_WARN_SUSPICIOUS_MOVE = YES;
				CLANG_WARN_UNGUARDED_AVAILABILITY = YES_AGGRESSIVE;
				CLANG_WARN_UNREACHABLE_CODE = YES;
				CLANG_WARN__DUPLICATE_METHOD_MATCH = YES;
				CODE_SIGN_IDENTITY = "iPhone Developer";
				COPY_PHASE_STRIP = NO;
				DEBUG_INFORMATION_FORMAT = dwarf;
				ENABLE_STRICT_OBJC_MSGSEND = YES;
				ENABLE_TESTABILITY = YES;
				GCC_C_LANGUAGE_STANDARD = gnu11;
				GCC_DYNAMIC_NO_PIC = NO;
				GCC_NO_COMMON_BLOCKS = YES;
				GCC_OPTIMIZATION_LEVEL = 0;
				GCC_PREPROCESSOR_DEFINITIONS = (
					"DEBUG=1",
					"$(inherited)",
				);
				GCC_WARN_64_TO_32_BIT_CONVERSION = YES;
				GCC_WARN_ABOUT_RETURN_TYPE = YES_ERROR;
				GCC_WARN_UNDECLARED_SELECTOR = YES;
				GCC_WARN_UNINITIALIZED_AUTOS = YES_AGGRESSIVE;
				GCC_WARN_UNUSED_FUNCTION = YES;
				GCC_WARN_UNUSED_VARIABLE = YES;
				IPHONEOS_DEPLOYMENT_TARGET = 12.1;
				MTL_ENABLE_DEBUG_INFO = INCLUDE_SOURCE;
				MTL_FAST_MATH = YES;
				ONLY_ACTIVE_ARCH = YES;
				SDKROOT = iphoneos;
				SWIFT_ACTIVE_COMPILATION_CONDITIONS = DEBUG;
				SWIFT_OPTIMIZATION_LEVEL = "-Onone";
			};
			name = Debug;
		};
		9BDAA4F5223433FF00362ED8 /* Release */ = {
			isa = XCBuildConfiguration;
			buildSettings = {
				ALWAYS_SEARCH_USER_PATHS = NO;
				CLANG_ANALYZER_NONNULL = YES;
				CLANG_ANALYZER_NUMBER_OBJECT_CONVERSION = YES_AGGRESSIVE;
				CLANG_CXX_LANGUAGE_STANDARD = "gnu++14";
				CLANG_CXX_LIBRARY = "libc++";
				CLANG_ENABLE_MODULES = YES;
				CLANG_ENABLE_OBJC_ARC = YES;
				CLANG_ENABLE_OBJC_WEAK = YES;
				CLANG_WARN_BLOCK_CAPTURE_AUTORELEASING = YES;
				CLANG_WARN_BOOL_CONVERSION = YES;
				CLANG_WARN_COMMA = YES;
				CLANG_WARN_CONSTANT_CONVERSION = YES;
				CLANG_WARN_DEPRECATED_OBJC_IMPLEMENTATIONS = YES;
				CLANG_WARN_DIRECT_OBJC_ISA_USAGE = YES_ERROR;
				CLANG_WARN_DOCUMENTATION_COMMENTS = YES;
				CLANG_WARN_EMPTY_BODY = YES;
				CLANG_WARN_ENUM_CONVERSION = YES;
				CLANG_WARN_INFINITE_RECURSION = YES;
				CLANG_WARN_INT_CONVERSION = YES;
				CLANG_WARN_NON_LITERAL_NULL_CONVERSION = YES;
				CLANG_WARN_OBJC_IMPLICIT_RETAIN_SELF = YES;
				CLANG_WARN_OBJC_LITERAL_CONVERSION = YES;
				CLANG_WARN_OBJC_ROOT_CLASS = YES_ERROR;
				CLANG_WARN_RANGE_LOOP_ANALYSIS = YES;
				CLANG_WARN_STRICT_PROTOTYPES = YES;
				CLANG_WARN_SUSPICIOUS_MOVE = YES;
				CLANG_WARN_UNGUARDED_AVAILABILITY = YES_AGGRESSIVE;
				CLANG_WARN_UNREACHABLE_CODE = YES;
				CLANG_WARN__DUPLICATE_METHOD_MATCH = YES;
				CODE_SIGN_IDENTITY = "iPhone Developer";
				COPY_PHASE_STRIP = NO;
				DEBUG_INFORMATION_FORMAT = "dwarf-with-dsym";
				ENABLE_NS_ASSERTIONS = NO;
				ENABLE_STRICT_OBJC_MSGSEND = YES;
				GCC_C_LANGUAGE_STANDARD = gnu11;
				GCC_NO_COMMON_BLOCKS = YES;
				GCC_WARN_64_TO_32_BIT_CONVERSION = YES;
				GCC_WARN_ABOUT_RETURN_TYPE = YES_ERROR;
				GCC_WARN_UNDECLARED_SELECTOR = YES;
				GCC_WARN_UNINITIALIZED_AUTOS = YES_AGGRESSIVE;
				GCC_WARN_UNUSED_FUNCTION = YES;
				GCC_WARN_UNUSED_VARIABLE = YES;
				IPHONEOS_DEPLOYMENT_TARGET = 12.1;
				MTL_ENABLE_DEBUG_INFO = NO;
				MTL_FAST_MATH = YES;
				SDKROOT = iphoneos;
				SWIFT_COMPILATION_MODE = wholemodule;
				SWIFT_OPTIMIZATION_LEVEL = "-O";
				VALIDATE_PRODUCT = YES;
			};
			name = Release;
		};
		9BDAA4F7223433FF00362ED8 /* Debug */ = {
			isa = XCBuildConfiguration;
			buildSettings = {
				ASSETCATALOG_COMPILER_APPICON_NAME = AppIcon;
				CODE_SIGN_STYLE = Automatic;
				INFOPLIST_FILE = "day-6/Info.plist";
				LD_RUNPATH_SEARCH_PATHS = (
					"$(inherited)",
					"@executable_path/Frameworks",
				);
				PRODUCT_BUNDLE_IDENTIFIER = "CestarCollege.day-6";
				PRODUCT_NAME = "$(TARGET_NAME)";
				SWIFT_VERSION = 4.2;
				TARGETED_DEVICE_FAMILY = "1,2";
			};
			name = Debug;
		};
		9BDAA4F8223433FF00362ED8 /* Release */ = {
			isa = XCBuildConfiguration;
			buildSettings = {
				ASSETCATALOG_COMPILER_APPICON_NAME = AppIcon;
				CODE_SIGN_STYLE = Automatic;
				INFOPLIST_FILE = "day-6/Info.plist";
				LD_RUNPATH_SEARCH_PATHS = (
					"$(inherited)",
					"@executable_path/Frameworks",
				);
				PRODUCT_BUNDLE_IDENTIFIER = "CestarCollege.day-6";
				PRODUCT_NAME = "$(TARGET_NAME)";
				SWIFT_VERSION = 4.2;
				TARGETED_DEVICE_FAMILY = "1,2";
			};
			name = Release;
		};
		9BDAA4FA223433FF00362ED8 /* Debug */ = {
			isa = XCBuildConfiguration;
			buildSettings = {
				ALWAYS_EMBED_SWIFT_STANDARD_LIBRARIES = YES;
				BUNDLE_LOADER = "$(TEST_HOST)";
				CODE_SIGN_STYLE = Automatic;
				INFOPLIST_FILE = "day-6Tests/Info.plist";
				LD_RUNPATH_SEARCH_PATHS = (
					"$(inherited)",
					"@executable_path/Frameworks",
					"@loader_path/Frameworks",
				);
				PRODUCT_BUNDLE_IDENTIFIER = "CestarCollege.day-6Tests";
				PRODUCT_NAME = "$(TARGET_NAME)";
				SWIFT_VERSION = 4.2;
				TARGETED_DEVICE_FAMILY = "1,2";
				TEST_HOST = "$(BUILT_PRODUCTS_DIR)/day-6.app/day-6";
			};
			name = Debug;
		};
		9BDAA4FB223433FF00362ED8 /* Release */ = {
			isa = XCBuildConfiguration;
			buildSettings = {
				ALWAYS_EMBED_SWIFT_STANDARD_LIBRARIES = YES;
				BUNDLE_LOADER = "$(TEST_HOST)";
				CODE_SIGN_STYLE = Automatic;
				INFOPLIST_FILE = "day-6Tests/Info.plist";
				LD_RUNPATH_SEARCH_PATHS = (
					"$(inherited)",
					"@executable_path/Frameworks",
					"@loader_path/Frameworks",
				);
				PRODUCT_BUNDLE_IDENTIFIER = "CestarCollege.day-6Tests";
				PRODUCT_NAME = "$(TARGET_NAME)";
				SWIFT_VERSION = 4.2;
				TARGETED_DEVICE_FAMILY = "1,2";
				TEST_HOST = "$(BUILT_PRODUCTS_DIR)/day-6.app/day-6";
			};
			name = Release;
		};
		9BDAA4FD223433FF00362ED8 /* Debug */ = {
			isa = XCBuildConfiguration;
			buildSettings = {
				ALWAYS_EMBED_SWIFT_STANDARD_LIBRARIES = YES;
				CODE_SIGN_STYLE = Automatic;
				INFOPLIST_FILE = "day-6UITests/Info.plist";
				LD_RUNPATH_SEARCH_PATHS = (
					"$(inherited)",
					"@executable_path/Frameworks",
					"@loader_path/Frameworks",
				);
				PRODUCT_BUNDLE_IDENTIFIER = "CestarCollege.day-6UITests";
				PRODUCT_NAME = "$(TARGET_NAME)";
				SWIFT_VERSION = 4.2;
				TARGETED_DEVICE_FAMILY = "1,2";
				TEST_TARGET_NAME = "day-6";
			};
			name = Debug;
		};
		9BDAA4FE223433FF00362ED8 /* Release */ = {
			isa = XCBuildConfiguration;
			buildSettings = {
				ALWAYS_EMBED_SWIFT_STANDARD_LIBRARIES = YES;
				CODE_SIGN_STYLE = Automatic;
				INFOPLIST_FILE = "day-6UITests/Info.plist";
				LD_RUNPATH_SEARCH_PATHS = (
					"$(inherited)",
					"@executable_path/Frameworks",
					"@loader_path/Frameworks",
				);
				PRODUCT_BUNDLE_IDENTIFIER = "CestarCollege.day-6UITests";
				PRODUCT_NAME = "$(TARGET_NAME)";
				SWIFT_VERSION = 4.2;
				TARGETED_DEVICE_FAMILY = "1,2";
				TEST_TARGET_NAME = "day-6";
			};
			name = Release;
		};
/* End XCBuildConfiguration section */

/* Begin XCConfigurationList section */
		9BDAA4C9223433FE00362ED8 /* Build configuration list for PBXProject "day-6" */ = {
			isa = XCConfigurationList;
			buildConfigurations = (
				9BDAA4F4223433FF00362ED8 /* Debug */,
				9BDAA4F5223433FF00362ED8 /* Release */,
			);
			defaultConfigurationIsVisible = 0;
			defaultConfigurationName = Release;
		};
		9BDAA4F6223433FF00362ED8 /* Build configuration list for PBXNativeTarget "day-6" */ = {
			isa = XCConfigurationList;
			buildConfigurations = (
				9BDAA4F7223433FF00362ED8 /* Debug */,
				9BDAA4F8223433FF00362ED8 /* Release */,
			);
			defaultConfigurationIsVisible = 0;
			defaultConfigurationName = Release;
		};
		9BDAA4F9223433FF00362ED8 /* Build configuration list for PBXNativeTarget "day-6Tests" */ = {
			isa = XCConfigurationList;
			buildConfigurations = (
				9BDAA4FA223433FF00362ED8 /* Debug */,
				9BDAA4FB223433FF00362ED8 /* Release */,
			);
			defaultConfigurationIsVisible = 0;
			defaultConfigurationName = Release;
		};
		9BDAA4FC223433FF00362ED8 /* Build configuration list for PBXNativeTarget "day-6UITests" */ = {
			isa = XCConfigurationList;
			buildConfigurations = (
				9BDAA4FD223433FF00362ED8 /* Debug */,
				9BDAA4FE223433FF00362ED8 /* Release */,
			);
			defaultConfigurationIsVisible = 0;
			defaultConfigurationName = Release;
		};
/* End XCConfigurationList section */
	};
	rootObject = 9BDAA4C6223433FE00362ED8 /* Project object */;
}
